{
  "name": "miniprogram-ts-quickstart",
  "version": "1.0.0",
  "lockfileVersion": 3,
  "requires": true,
  "packages": {
    "": {
      "name": "miniprogram-ts-quickstart",
      "version": "1.0.0",
      "dependencies": {
        "tdesign-miniprogram": "^1.9.4"
      },
      "devDependencies": {
        "miniprogram-api-typings": "^4.0.7"
      }
    },
    "node_modules/miniprogram-api-typings": {
      "version": "4.0.7",
      "resolved": "https://registry.npmjs.org/miniprogram-api-typings/-/miniprogram-api-typings-4.0.7.tgz",
      "integrity": "sha512-sUxqpA1+JxnDWYjO6ihiLWNJl94WzjlhnDpozfBeC+w8Mpejjsc8JuxyC3Xisimj/gp5OYaJ7nd4fM6wepzhEQ==",
      "dev": true,
      "license": "MIT"
    },
    "node_modules/tdesign-miniprogram": {
      "version": "1.9.4",
      "resolved": "https://registry.npmjs.org/tdesign-miniprogram/-/tdesign-miniprogram-1.9.4.tgz",
      "integrity": "sha512-dc/V53tTmmrHGzrXclBK56h06nq3vo7GQgBTgiVtlAU5Mp/R/a50axswUKf7W3311rKb8Cuj3F3c45kmkBVPRQ==",
      "license": "MIT"
    }
  }
}
